
Microsoft Visual Studio Solution File, Format Version 12.00
# Visual Studio Version 17
VisualStudioVersion = 17.5.33516.290
MinimumVisualStudioVersion = 10.0.40219.1
Project("{FAE04EC0-301F-11D3-BF4B-00C04F79EFBC}") = "Attendence_System", "Attendence_System.csproj", "{B7F51949-0425-4784-8D7B-5F5C62BFE27F}"
EndProject
Global
	GlobalSection(SolutionConfigurationPlatforms) = preSolution
		Debug|Any CPU = Debug|Any CPU
		Release|Any CPU = Release|Any CPU
	EndGlobalSection
	GlobalSection(ProjectConfigurationPlatforms) = postSolution
		{B7F51949-0425-4784-8D7B-5F5C62BFE27F}.Debug|Any CPU.ActiveCfg = Debug|Any CPU
		{B7F51949-0425-4784-8D7B-5F5C62BFE27F}.Debug|Any CPU.Build.0 = Debug|Any CPU
		{B7F51949-0425-4784-8D7B-5F5C62BFE27F}.Release|Any CPU.ActiveCfg = Release|Any CPU
		{B7F51949-0425-4784-8D7B-5F5C62BFE27F}.Release|Any CPU.Build.0 = Release|Any CPU
	EndGlobalSection
	GlobalSection(SolutionProperties) = preSolution
		HideSolutionNode = FALSE
	EndGlobalSection
	GlobalSection(ExtensibilityGlobals) = postSolution
		SolutionGuid = {0358F1FB-5A54-4DC2-BD8D-A5C7484F8AAA}
	EndGlobalSection
EndGlobal
